
Microsoft Visual Studio Solution File, Format Version 12.00
# Visual Studio 15
VisualStudioVersion = 15.0.28010.2046
MinimumVisualStudioVersion = 10.0.40219.1
Project("{9A19103F-16F7-4668-BE54-9A1E7A4F7556}") = "Sample", "sample\Sample\Sample.csproj", "{777A7571-E0B6-4950-A190-94E6BFE1D223}"
EndProject
Project("{FAE04EC0-301F-11D3-BF4B-00C04F79EFBC}") = "Sample.iOS", "sample\Sample.iOS\Sample.iOS.csproj", "{356BE228-CB90-4898-8410-5C4679366D2B}"
EndProject
Project("{FAE04EC0-301F-11D3-BF4B-00C04F79EFBC}") = "Sample.UWP", "sample\Sample.UWP\Sample.UWP.csproj", "{B78FBCF1-8032-4907-92A1-A3D984FD2739}"
EndProject
Project("{FAE04EC0-301F-11D3-BF4B-00C04F79EFBC}") = "Sample.Droid", "sample\Sample.Android\Sample.Droid.csproj", "{8EDA6F97-4FF2-4E4C-947F-7241DFE39BC2}"
EndProject
Project("{2150E333-8FDC-42A3-9474-1A3956D46DE8}") = "Common", "Common", "{4C26041E-6FF8-4710-856E-26B340B49A37}"
	ProjectSection(SolutionItems) = preProject
		.gitignore = .gitignore
		Directory.Build.props = Directory.Build.props
		ruleset.ruleset = ruleset.ruleset
		stylecop.json = stylecop.json
	EndProjectSection
EndProject
Project("{9A19103F-16F7-4668-BE54-9A1E7A4F7556}") = "IS.Toolkit.XamarinForms", "src\IS.Toolkit.XamarinForms.csproj", "{6F6ED8A0-9180-4B22-83C5-7016E73555ED}"
EndProject
Global
	GlobalSection(SolutionConfigurationPlatforms) = preSolution
		Ad-Hoc|Any CPU = Ad-Hoc|Any CPU
		Ad-Hoc|ARM = Ad-Hoc|ARM
		Ad-Hoc|iPhone = Ad-Hoc|iPhone
		Ad-Hoc|iPhoneSimulator = Ad-Hoc|iPhoneSimulator
		Ad-Hoc|x64 = Ad-Hoc|x64
		Ad-Hoc|x86 = Ad-Hoc|x86
		AppStore|Any CPU = AppStore|Any CPU
		AppStore|ARM = AppStore|ARM
		AppStore|iPhone = AppStore|iPhone
		AppStore|iPhoneSimulator = AppStore|iPhoneSimulator
		AppStore|x64 = AppStore|x64
		AppStore|x86 = AppStore|x86
		Debug|Any CPU = Debug|Any CPU
		Debug|ARM = Debug|ARM
		Debug|iPhone = Debug|iPhone
		Debug|iPhoneSimulator = Debug|iPhoneSimulator
		Debug|x64 = Debug|x64
		Debug|x86 = Debug|x86
		Release|Any CPU = Release|Any CPU
		Release|ARM = Release|ARM
		Release|iPhone = Release|iPhone
		Release|iPhoneSimulator = Release|iPhoneSimulator
		Release|x64 = Release|x64
		Release|x86 = Release|x86
	EndGlobalSection
	GlobalSection(ProjectConfigurationPlatforms) = postSolution
		{777A7571-E0B6-4950-A190-94E6BFE1D223}.Ad-Hoc|Any CPU.ActiveCfg = Debug|Any CPU
		{777A7571-E0B6-4950-A190-94E6BFE1D223}.Ad-Hoc|Any CPU.Build.0 = Debug|Any CPU
		{777A7571-E0B6-4950-A190-94E6BFE1D223}.Ad-Hoc|ARM.ActiveCfg = Debug|Any CPU
		{777A7571-E0B6-4950-A190-94E6BFE1D223}.Ad-Hoc|ARM.Build.0 = Debug|Any CPU
		{777A7571-E0B6-4950-A190-94E6BFE1D223}.Ad-Hoc|iPhone.ActiveCfg = Debug|Any CPU
		{777A7571-E0B6-4950-A190-94E6BFE1D223}.Ad-Hoc|iPhone.Build.0 = Debug|Any CPU
		{777A7571-E0B6-4950-A190-94E6BFE1D223}.Ad-Hoc|iPhoneSimulator.ActiveCfg = Debug|Any CPU
		{777A7571-E0B6-4950-A190-94E6BFE1D223}.Ad-Hoc|iPhoneSimulator.Build.0 = Debug|Any CPU
		{777A7571-E0B6-4950-A190-94E6BFE1D223}.Ad-Hoc|x64.ActiveCfg = Debug|Any CPU
		{777A7571-E0B6-4950-A190-94E6BFE1D223}.Ad-Hoc|x64.Build.0 = Debug|Any CPU
		{777A7571-E0B6-4950-A190-94E6BFE1D223}.Ad-Hoc|x86.ActiveCfg = Debug|Any CPU
		{777A7571-E0B6-4950-A190-94E6BFE1D223}.Ad-Hoc|x86.Build.0 = Debug|Any CPU
		{777A7571-E0B6-4950-A190-94E6BFE1D223}.AppStore|Any CPU.ActiveCfg = Debug|Any CPU
		{777A7571-E0B6-4950-A190-94E6BFE1D223}.AppStore|Any CPU.Build.0 = Debug|Any CPU
		{777A7571-E0B6-4950-A190-94E6BFE1D223}.AppStore|ARM.ActiveCfg = Debug|Any CPU
		{777A7571-E0B6-4950-A190-94E6BFE1D223}.AppStore|ARM.Build.0 = Debug|Any CPU
		{777A7571-E0B6-4950-A190-94E6BFE1D223}.AppStore|iPhone.ActiveCfg = Debug|Any CPU
		{777A7571-E0B6-4950-A190-94E6BFE1D223}.AppStore|iPhone.Build.0 = Debug|Any CPU
		{777A7571-E0B6-4950-A190-94E6BFE1D223}.AppStore|iPhoneSimulator.ActiveCfg = Debug|Any CPU
		{777A7571-E0B6-4950-A190-94E6BFE1D223}.AppStore|iPhoneSimulator.Build.0 = Debug|Any CPU
		{777A7571-E0B6-4950-A190-94E6BFE1D223}.AppStore|x64.ActiveCfg = Debug|Any CPU
		{777A7571-E0B6-4950-A190-94E6BFE1D223}.AppStore|x64.Build.0 = Debug|Any CPU
		{777A7571-E0B6-4950-A190-94E6BFE1D223}.AppStore|x86.ActiveCfg = Debug|Any CPU
		{777A7571-E0B6-4950-A190-94E6BFE1D223}.AppStore|x86.Build.0 = Debug|Any CPU
		{777A7571-E0B6-4950-A190-94E6BFE1D223}.Debug|Any CPU.ActiveCfg = Debug|Any CPU
		{777A7571-E0B6-4950-A190-94E6BFE1D223}.Debug|Any CPU.Build.0 = Debug|Any CPU
		{777A7571-E0B6-4950-A190-94E6BFE1D223}.Debug|ARM.ActiveCfg = Debug|Any CPU
		{777A7571-E0B6-4950-A190-94E6BFE1D223}.Debug|ARM.Build.0 = Debug|Any CPU
		{777A7571-E0B6-4950-A190-94E6BFE1D223}.Debug|iPhone.ActiveCfg = Debug|Any CPU
		{777A7571-E0B6-4950-A190-94E6BFE1D223}.Debug|iPhone.Build.0 = Debug|Any CPU
		{777A7571-E0B6-4950-A190-94E6BFE1D223}.Debug|iPhoneSimulator.ActiveCfg = Debug|Any CPU
		{777A7571-E0B6-4950-A190-94E6BFE1D223}.Debug|iPhoneSimulator.Build.0 = Debug|Any CPU
		{777A7571-E0B6-4950-A190-94E6BFE1D223}.Debug|x64.ActiveCfg = Debug|Any CPU
		{777A7571-E0B6-4950-A190-94E6BFE1D223}.Debug|x64.Build.0 = Debug|Any CPU
		{777A7571-E0B6-4950-A190-94E6BFE1D223}.Debug|x86.ActiveCfg = Debug|Any CPU
		{777A7571-E0B6-4950-A190-94E6BFE1D223}.Debug|x86.Build.0 = Debug|Any CPU
		{777A7571-E0B6-4950-A190-94E6BFE1D223}.Release|Any CPU.ActiveCfg = Release|Any CPU
		{777A7571-E0B6-4950-A190-94E6BFE1D223}.Release|Any CPU.Build.0 = Release|Any CPU
		{777A7571-E0B6-4950-A190-94E6BFE1D223}.Release|ARM.ActiveCfg = Release|Any CPU
		{777A7571-E0B6-4950-A190-94E6BFE1D223}.Release|ARM.Build.0 = Release|Any CPU
		{777A7571-E0B6-4950-A190-94E6BFE1D223}.Release|iPhone.ActiveCfg = Release|Any CPU
		{777A7571-E0B6-4950-A190-94E6BFE1D223}.Release|iPhone.Build.0 = Release|Any CPU
		{777A7571-E0B6-4950-A190-94E6BFE1D223}.Release|iPhoneSimulator.ActiveCfg = Release|Any CPU
		{777A7571-E0B6-4950-A190-94E6BFE1D223}.Release|iPhoneSimulator.Build.0 = Release|Any CPU
		{777A7571-E0B6-4950-A190-94E6BFE1D223}.Release|x64.ActiveCfg = Release|Any CPU
		{777A7571-E0B6-4950-A190-94E6BFE1D223}.Release|x64.Build.0 = Release|Any CPU
		{777A7571-E0B6-4950-A190-94E6BFE1D223}.Release|x86.ActiveCfg = Release|Any CPU
		{777A7571-E0B6-4950-A190-94E6BFE1D223}.Release|x86.Build.0 = Release|Any CPU
		{356BE228-CB90-4898-8410-5C4679366D2B}.Ad-Hoc|Any CPU.ActiveCfg = Ad-Hoc|iPhone
		{356BE228-CB90-4898-8410-5C4679366D2B}.Ad-Hoc|ARM.ActiveCfg = Ad-Hoc|iPhone
		{356BE228-CB90-4898-8410-5C4679366D2B}.Ad-Hoc|iPhone.ActiveCfg = Ad-Hoc|iPhone
		{356BE228-CB90-4898-8410-5C4679366D2B}.Ad-Hoc|iPhone.Build.0 = Ad-Hoc|iPhone
		{356BE228-CB90-4898-8410-5C4679366D2B}.Ad-Hoc|iPhoneSimulator.ActiveCfg = Ad-Hoc|iPhoneSimulator
		{356BE228-CB90-4898-8410-5C4679366D2B}.Ad-Hoc|iPhoneSimulator.Build.0 = Ad-Hoc|iPhoneSimulator
		{356BE228-CB90-4898-8410-5C4679366D2B}.Ad-Hoc|x64.ActiveCfg = Ad-Hoc|iPhone
		{356BE228-CB90-4898-8410-5C4679366D2B}.Ad-Hoc|x86.ActiveCfg = Ad-Hoc|iPhone
		{356BE228-CB90-4898-8410-5C4679366D2B}.AppStore|Any CPU.ActiveCfg = AppStore|iPhone
		{356BE228-CB90-4898-8410-5C4679366D2B}.AppStore|ARM.ActiveCfg = AppStore|iPhone
		{356BE228-CB90-4898-8410-5C4679366D2B}.AppStore|iPhone.ActiveCfg = AppStore|iPhone
		{356BE228-CB90-4898-8410-5C4679366D2B}.AppStore|iPhone.Build.0 = AppStore|iPhone
		{356BE228-CB90-4898-8410-5C4679366D2B}.AppStore|iPhoneSimulator.ActiveCfg = AppStore|iPhoneSimulator
		{356BE228-CB90-4898-8410-5C4679366D2B}.AppStore|iPhoneSimulator.Build.0 = AppStore|iPhoneSimulator
		{356BE228-CB90-4898-8410-5C4679366D2B}.AppStore|x64.ActiveCfg = AppStore|iPhone
		{356BE228-CB90-4898-8410-5C4679366D2B}.AppStore|x86.ActiveCfg = AppStore|iPhone
		{356BE228-CB90-4898-8410-5C4679366D2B}.Debug|Any CPU.ActiveCfg = Debug|iPhone
		{356BE228-CB90-4898-8410-5C4679366D2B}.Debug|ARM.ActiveCfg = Debug|iPhone
		{356BE228-CB90-4898-8410-5C4679366D2B}.Debug|iPhone.ActiveCfg = Debug|iPhone
		{356BE228-CB90-4898-8410-5C4679366D2B}.Debug|iPhone.Build.0 = Debug|iPhone
		{356BE228-CB90-4898-8410-5C4679366D2B}.Debug|iPhoneSimulator.ActiveCfg = Debug|iPhoneSimulator
		{356BE228-CB90-4898-8410-5C4679366D2B}.Debug|iPhoneSimulator.Build.0 = Debug|iPhoneSimulator
		{356BE228-CB90-4898-8410-5C4679366D2B}.Debug|x64.ActiveCfg = Debug|iPhone
		{356BE228-CB90-4898-8410-5C4679366D2B}.Debug|x86.ActiveCfg = Debug|iPhone
		{356BE228-CB90-4898-8410-5C4679366D2B}.Release|Any CPU.ActiveCfg = Release|iPhone
		{356BE228-CB90-4898-8410-5C4679366D2B}.Release|ARM.ActiveCfg = Release|iPhone
		{356BE228-CB90-4898-8410-5C4679366D2B}.Release|iPhone.ActiveCfg = Release|iPhone
		{356BE228-CB90-4898-8410-5C4679366D2B}.Release|iPhone.Build.0 = Release|iPhone
		{356BE228-CB90-4898-8410-5C4679366D2B}.Release|iPhoneSimulator.ActiveCfg = Release|iPhoneSimulator
		{356BE228-CB90-4898-8410-5C4679366D2B}.Release|iPhoneSimulator.Build.0 = Release|iPhoneSimulator
		{356BE228-CB90-4898-8410-5C4679366D2B}.Release|x64.ActiveCfg = Release|iPhone
		{356BE228-CB90-4898-8410-5C4679366D2B}.Release|x86.ActiveCfg = Release|iPhone
		{B78FBCF1-8032-4907-92A1-A3D984FD2739}.Ad-Hoc|Any CPU.ActiveCfg = Release|x86
		{B78FBCF1-8032-4907-92A1-A3D984FD2739}.Ad-Hoc|Any CPU.Build.0 = Release|x86
		{B78FBCF1-8032-4907-92A1-A3D984FD2739}.Ad-Hoc|Any CPU.Deploy.0 = Release|x86
		{B78FBCF1-8032-4907-92A1-A3D984FD2739}.Ad-Hoc|ARM.ActiveCfg = Release|ARM
		{B78FBCF1-8032-4907-92A1-A3D984FD2739}.Ad-Hoc|ARM.Build.0 = Release|ARM
		{B78FBCF1-8032-4907-92A1-A3D984FD2739}.Ad-Hoc|ARM.Deploy.0 = Release|ARM
		{B78FBCF1-8032-4907-92A1-A3D984FD2739}.Ad-Hoc|iPhone.ActiveCfg = Release|x86
		{B78FBCF1-8032-4907-92A1-A3D984FD2739}.Ad-Hoc|iPhone.Build.0 = Release|x86
		{B78FBCF1-8032-4907-92A1-A3D984FD2739}.Ad-Hoc|iPhone.Deploy.0 = Release|x86
		{B78FBCF1-8032-4907-92A1-A3D984FD2739}.Ad-Hoc|iPhoneSimulator.ActiveCfg = Release|x86
		{B78FBCF1-8032-4907-92A1-A3D984FD2739}.Ad-Hoc|iPhoneSimulator.Build.0 = Release|x86
		{B78FBCF1-8032-4907-92A1-A3D984FD2739}.Ad-Hoc|iPhoneSimulator.Deploy.0 = Release|x86
		{B78FBCF1-8032-4907-92A1-A3D984FD2739}.Ad-Hoc|x64.ActiveCfg = Release|x64
		{B78FBCF1-8032-4907-92A1-A3D984FD2739}.Ad-Hoc|x64.Build.0 = Release|x64
		{B78FBCF1-8032-4907-92A1-A3D984FD2739}.Ad-Hoc|x64.Deploy.0 = Release|x64
		{B78FBCF1-8032-4907-92A1-A3D984FD2739}.Ad-Hoc|x86.ActiveCfg = Release|x86
		{B78FBCF1-8032-4907-92A1-A3D984FD2739}.Ad-Hoc|x86.Build.0 = Release|x86
		{B78FBCF1-8032-4907-92A1-A3D984FD2739}.Ad-Hoc|x86.Deploy.0 = Release|x86
		{B78FBCF1-8032-4907-92A1-A3D984FD2739}.AppStore|Any CPU.ActiveCfg = Release|x86
		{B78FBCF1-8032-4907-92A1-A3D984FD2739}.AppStore|Any CPU.Build.0 = Release|x86
		{B78FBCF1-8032-4907-92A1-A3D984FD2739}.AppStore|Any CPU.Deploy.0 = Release|x86
		{B78FBCF1-8032-4907-92A1-A3D984FD2739}.AppStore|ARM.ActiveCfg = Release|ARM
		{B78FBCF1-8032-4907-92A1-A3D984FD2739}.AppStore|ARM.Build.0 = Release|ARM
		{B78FBCF1-8032-4907-92A1-A3D984FD2739}.AppStore|ARM.Deploy.0 = Release|ARM
		{B78FBCF1-8032-4907-92A1-A3D984FD2739}.AppStore|iPhone.ActiveCfg = Release|x86
		{B78FBCF1-8032-4907-92A1-A3D984FD2739}.AppStore|iPhone.Build.0 = Release|x86
		{B78FBCF1-8032-4907-92A1-A3D984FD2739}.AppStore|iPhone.Deploy.0 = Release|x86
		{B78FBCF1-8032-4907-92A1-A3D984FD2739}.AppStore|iPhoneSimulator.ActiveCfg = Release|x86
		{B78FBCF1-8032-4907-92A1-A3D984FD2739}.AppStore|iPhoneSimulator.Build.0 = Release|x86
		{B78FBCF1-8032-4907-92A1-A3D984FD2739}.AppStore|iPhoneSimulator.Deploy.0 = Release|x86
		{B78FBCF1-8032-4907-92A1-A3D984FD2739}.AppStore|x64.ActiveCfg = Release|x64
		{B78FBCF1-8032-4907-92A1-A3D984FD2739}.AppStore|x64.Build.0 = Release|x64
		{B78FBCF1-8032-4907-92A1-A3D984FD2739}.AppStore|x64.Deploy.0 = Release|x64
		{B78FBCF1-8032-4907-92A1-A3D984FD2739}.AppStore|x86.ActiveCfg = Release|x86
		{B78FBCF1-8032-4907-92A1-A3D984FD2739}.AppStore|x86.Build.0 = Release|x86
		{B78FBCF1-8032-4907-92A1-A3D984FD2739}.AppStore|x86.Deploy.0 = Release|x86
		{B78FBCF1-8032-4907-92A1-A3D984FD2739}.Debug|Any CPU.ActiveCfg = Debug|x86
		{B78FBCF1-8032-4907-92A1-A3D984FD2739}.Debug|ARM.ActiveCfg = Debug|ARM
		{B78FBCF1-8032-4907-92A1-A3D984FD2739}.Debug|ARM.Build.0 = Debug|ARM
		{B78FBCF1-8032-4907-92A1-A3D984FD2739}.Debug|ARM.Deploy.0 = Debug|ARM
		{B78FBCF1-8032-4907-92A1-A3D984FD2739}.Debug|iPhone.ActiveCfg = Debug|x86
		{B78FBCF1-8032-4907-92A1-A3D984FD2739}.Debug|iPhoneSimulator.ActiveCfg = Debug|x86
		{B78FBCF1-8032-4907-92A1-A3D984FD2739}.Debug|x64.ActiveCfg = Debug|x64
		{B78FBCF1-8032-4907-92A1-A3D984FD2739}.Debug|x64.Build.0 = Debug|x64
		{B78FBCF1-8032-4907-92A1-A3D984FD2739}.Debug|x64.Deploy.0 = Debug|x64
		{B78FBCF1-8032-4907-92A1-A3D984FD2739}.Debug|x86.ActiveCfg = Debug|x86
		{B78FBCF1-8032-4907-92A1-A3D984FD2739}.Debug|x86.Build.0 = Debug|x86
		{B78FBCF1-8032-4907-92A1-A3D984FD2739}.Debug|x86.Deploy.0 = Debug|x86
		{B78FBCF1-8032-4907-92A1-A3D984FD2739}.Release|Any CPU.ActiveCfg = Release|x86
		{B78FBCF1-8032-4907-92A1-A3D984FD2739}.Release|ARM.ActiveCfg = Release|ARM
		{B78FBCF1-8032-4907-92A1-A3D984FD2739}.Release|ARM.Build.0 = Release|ARM
		{B78FBCF1-8032-4907-92A1-A3D984FD2739}.Release|ARM.Deploy.0 = Release|ARM
		{B78FBCF1-8032-4907-92A1-A3D984FD2739}.Release|iPhone.ActiveCfg = Release|x86
		{B78FBCF1-8032-4907-92A1-A3D984FD2739}.Release|iPhoneSimulator.ActiveCfg = Release|x86
		{B78FBCF1-8032-4907-92A1-A3D984FD2739}.Release|x64.ActiveCfg = Release|x64
		{B78FBCF1-8032-4907-92A1-A3D984FD2739}.Release|x64.Build.0 = Release|x64
		{B78FBCF1-8032-4907-92A1-A3D984FD2739}.Release|x64.Deploy.0 = Release|x64
		{B78FBCF1-8032-4907-92A1-A3D984FD2739}.Release|x86.ActiveCfg = Release|x86
		{B78FBCF1-8032-4907-92A1-A3D984FD2739}.Release|x86.Build.0 = Release|x86
		{B78FBCF1-8032-4907-92A1-A3D984FD2739}.Release|x86.Deploy.0 = Release|x86
		{8EDA6F97-4FF2-4E4C-947F-7241DFE39BC2}.Ad-Hoc|Any CPU.ActiveCfg = Release|Any CPU
		{8EDA6F97-4FF2-4E4C-947F-7241DFE39BC2}.Ad-Hoc|Any CPU.Build.0 = Release|Any CPU
		{8EDA6F97-4FF2-4E4C-947F-7241DFE39BC2}.Ad-Hoc|Any CPU.Deploy.0 = Release|Any CPU
		{8EDA6F97-4FF2-4E4C-947F-7241DFE39BC2}.Ad-Hoc|ARM.ActiveCfg = Release|Any CPU
		{8EDA6F97-4FF2-4E4C-947F-7241DFE39BC2}.Ad-Hoc|ARM.Build.0 = Release|Any CPU
		{8EDA6F97-4FF2-4E4C-947F-7241DFE39BC2}.Ad-Hoc|ARM.Deploy.0 = Release|Any CPU
		{8EDA6F97-4FF2-4E4C-947F-7241DFE39BC2}.Ad-Hoc|iPhone.ActiveCfg = Release|Any CPU
		{8EDA6F97-4FF2-4E4C-947F-7241DFE39BC2}.Ad-Hoc|iPhone.Build.0 = Release|Any CPU
		{8EDA6F97-4FF2-4E4C-947F-7241DFE39BC2}.Ad-Hoc|iPhone.Deploy.0 = Release|Any CPU
		{8EDA6F97-4FF2-4E4C-947F-7241DFE39BC2}.Ad-Hoc|iPhoneSimulator.ActiveCfg = Release|Any CPU
		{8EDA6F97-4FF2-4E4C-947F-7241DFE39BC2}.Ad-Hoc|iPhoneSimulator.Build.0 = Release|Any CPU
		{8EDA6F97-4FF2-4E4C-947F-7241DFE39BC2}.Ad-Hoc|iPhoneSimulator.Deploy.0 = Release|Any CPU
		{8EDA6F97-4FF2-4E4C-947F-7241DFE39BC2}.Ad-Hoc|x64.ActiveCfg = Release|Any CPU
		{8EDA6F97-4FF2-4E4C-947F-7241DFE39BC2}.Ad-Hoc|x64.Build.0 = Release|Any CPU
		{8EDA6F97-4FF2-4E4C-947F-7241DFE39BC2}.Ad-Hoc|x64.Deploy.0 = Release|Any CPU
		{8EDA6F97-4FF2-4E4C-947F-7241DFE39BC2}.Ad-Hoc|x86.ActiveCfg = Release|Any CPU
		{8EDA6F97-4FF2-4E4C-947F-7241DFE39BC2}.Ad-Hoc|x86.Build.0 = Release|Any CPU
		{8EDA6F97-4FF2-4E4C-947F-7241DFE39BC2}.Ad-Hoc|x86.Deploy.0 = Release|Any CPU
		{8EDA6F97-4FF2-4E4C-947F-7241DFE39BC2}.AppStore|Any CPU.ActiveCfg = Release|Any CPU
		{8EDA6F97-4FF2-4E4C-947F-7241DFE39BC2}.AppStore|Any CPU.Build.0 = Release|Any CPU
		{8EDA6F97-4FF2-4E4C-947F-7241DFE39BC2}.AppStore|Any CPU.Deploy.0 = Release|Any CPU
		{8EDA6F97-4FF2-4E4C-947F-7241DFE39BC2}.AppStore|ARM.ActiveCfg = Release|Any CPU
		{8EDA6F97-4FF2-4E4C-947F-7241DFE39BC2}.AppStore|ARM.Build.0 = Release|Any CPU
		{8EDA6F97-4FF2-4E4C-947F-7241DFE39BC2}.AppStore|ARM.Deploy.0 = Release|Any CPU
		{8EDA6F97-4FF2-4E4C-947F-7241DFE39BC2}.AppStore|iPhone.ActiveCfg = Release|Any CPU
		{8EDA6F97-4FF2-4E4C-947F-7241DFE39BC2}.AppStore|iPhone.Build.0 = Release|Any CPU
		{8EDA6F97-4FF2-4E4C-947F-7241DFE39BC2}.AppStore|iPhone.Deploy.0 = Release|Any CPU
		{8EDA6F97-4FF2-4E4C-947F-7241DFE39BC2}.AppStore|iPhoneSimulator.ActiveCfg = Release|Any CPU
		{8EDA6F97-4FF2-4E4C-947F-7241DFE39BC2}.AppStore|iPhoneSimulator.Build.0 = Release|Any CPU
		{8EDA6F97-4FF2-4E4C-947F-7241DFE39BC2}.AppStore|iPhoneSimulator.Deploy.0 = Release|Any CPU
		{8EDA6F97-4FF2-4E4C-947F-7241DFE39BC2}.AppStore|x64.ActiveCfg = Release|Any CPU
		{8EDA6F97-4FF2-4E4C-947F-7241DFE39BC2}.AppStore|x64.Build.0 = Release|Any CPU
		{8EDA6F97-4FF2-4E4C-947F-7241DFE39BC2}.AppStore|x64.Deploy.0 = Release|Any CPU
		{8EDA6F97-4FF2-4E4C-947F-7241DFE39BC2}.AppStore|x86.ActiveCfg = Release|Any CPU
		{8EDA6F97-4FF2-4E4C-947F-7241DFE39BC2}.AppStore|x86.Build.0 = Release|Any CPU
		{8EDA6F97-4FF2-4E4C-947F-7241DFE39BC2}.AppStore|x86.Deploy.0 = Release|Any CPU
		{8EDA6F97-4FF2-4E4C-947F-7241DFE39BC2}.Debug|Any CPU.ActiveCfg = Debug|Any CPU
		{8EDA6F97-4FF2-4E4C-947F-7241DFE39BC2}.Debug|Any CPU.Build.0 = Debug|Any CPU
		{8EDA6F97-4FF2-4E4C-947F-7241DFE39BC2}.Debug|Any CPU.Deploy.0 = Debug|Any CPU
		{8EDA6F97-4FF2-4E4C-947F-7241DFE39BC2}.Debug|ARM.ActiveCfg = Debug|Any CPU
		{8EDA6F97-4FF2-4E4C-947F-7241DFE39BC2}.Debug|ARM.Build.0 = Debug|Any CPU
		{8EDA6F97-4FF2-4E4C-947F-7241DFE39BC2}.Debug|ARM.Deploy.0 = Debug|Any CPU
		{8EDA6F97-4FF2-4E4C-947F-7241DFE39BC2}.Debug|iPhone.ActiveCfg = Debug|Any CPU
		{8EDA6F97-4FF2-4E4C-947F-7241DFE39BC2}.Debug|iPhone.Build.0 = Debug|Any CPU
		{8EDA6F97-4FF2-4E4C-947F-7241DFE39BC2}.Debug|iPhone.Deploy.0 = Debug|Any CPU
		{8EDA6F97-4FF2-4E4C-947F-7241DFE39BC2}.Debug|iPhoneSimulator.ActiveCfg = Debug|Any CPU
		{8EDA6F97-4FF2-4E4C-947F-7241DFE39BC2}.Debug|iPhoneSimulator.Build.0 = Debug|Any CPU
		{8EDA6F97-4FF2-4E4C-947F-7241DFE39BC2}.Debug|iPhoneSimulator.Deploy.0 = Debug|Any CPU
		{8EDA6F97-4FF2-4E4C-947F-7241DFE39BC2}.Debug|x64.ActiveCfg = Debug|Any CPU
		{8EDA6F97-4FF2-4E4C-947F-7241DFE39BC2}.Debug|x64.Build.0 = Debug|Any CPU
		{8EDA6F97-4FF2-4E4C-947F-7241DFE39BC2}.Debug|x64.Deploy.0 = Debug|Any CPU
		{8EDA6F97-4FF2-4E4C-947F-7241DFE39BC2}.Debug|x86.ActiveCfg = Debug|Any CPU
		{8EDA6F97-4FF2-4E4C-947F-7241DFE39BC2}.Debug|x86.Build.0 = Debug|Any CPU
		{8EDA6F97-4FF2-4E4C-947F-7241DFE39BC2}.Debug|x86.Deploy.0 = Debug|Any CPU
		{8EDA6F97-4FF2-4E4C-947F-7241DFE39BC2}.Release|Any CPU.ActiveCfg = Release|Any CPU
		{8EDA6F97-4FF2-4E4C-947F-7241DFE39BC2}.Release|Any CPU.Build.0 = Release|Any CPU
		{8EDA6F97-4FF2-4E4C-947F-7241DFE39BC2}.Release|Any CPU.Deploy.0 = Release|Any CPU
		{8EDA6F97-4FF2-4E4C-947F-7241DFE39BC2}.Release|ARM.ActiveCfg = Release|Any CPU
		{8EDA6F97-4FF2-4E4C-947F-7241DFE39BC2}.Release|ARM.Build.0 = Release|Any CPU
		{8EDA6F97-4FF2-4E4C-947F-7241DFE39BC2}.Release|ARM.Deploy.0 = Release|Any CPU
		{8EDA6F97-4FF2-4E4C-947F-7241DFE39BC2}.Release|iPhone.ActiveCfg = Release|Any CPU
		{8EDA6F97-4FF2-4E4C-947F-7241DFE39BC2}.Release|iPhone.Build.0 = Release|Any CPU
		{8EDA6F97-4FF2-4E4C-947F-7241DFE39BC2}.Release|iPhone.Deploy.0 = Release|Any CPU
		{8EDA6F97-4FF2-4E4C-947F-7241DFE39BC2}.Release|iPhoneSimulator.ActiveCfg = Release|Any CPU
		{8EDA6F97-4FF2-4E4C-947F-7241DFE39BC2}.Release|iPhoneSimulator.Build.0 = Release|Any CPU
		{8EDA6F97-4FF2-4E4C-947F-7241DFE39BC2}.Release|iPhoneSimulator.Deploy.0 = Release|Any CPU
		{8EDA6F97-4FF2-4E4C-947F-7241DFE39BC2}.Release|x64.ActiveCfg = Release|Any CPU
		{8EDA6F97-4FF2-4E4C-947F-7241DFE39BC2}.Release|x64.Build.0 = Release|Any CPU
		{8EDA6F97-4FF2-4E4C-947F-7241DFE39BC2}.Release|x64.Deploy.0 = Release|Any CPU
		{8EDA6F97-4FF2-4E4C-947F-7241DFE39BC2}.Release|x86.ActiveCfg = Release|Any CPU
		{8EDA6F97-4FF2-4E4C-947F-7241DFE39BC2}.Release|x86.Build.0 = Release|Any CPU
		{8EDA6F97-4FF2-4E4C-947F-7241DFE39BC2}.Release|x86.Deploy.0 = Release|Any CPU
		{6F6ED8A0-9180-4B22-83C5-7016E73555ED}.Ad-Hoc|Any CPU.ActiveCfg = Debug|Any CPU
		{6F6ED8A0-9180-4B22-83C5-7016E73555ED}.Ad-Hoc|Any CPU.Build.0 = Debug|Any CPU
		{6F6ED8A0-9180-4B22-83C5-7016E73555ED}.Ad-Hoc|ARM.ActiveCfg = Debug|Any CPU
		{6F6ED8A0-9180-4B22-83C5-7016E73555ED}.Ad-Hoc|ARM.Build.0 = Debug|Any CPU
		{6F6ED8A0-9180-4B22-83C5-7016E73555ED}.Ad-Hoc|iPhone.ActiveCfg = Debug|Any CPU
		{6F6ED8A0-9180-4B22-83C5-7016E73555ED}.Ad-Hoc|iPhone.Build.0 = Debug|Any CPU
		{6F6ED8A0-9180-4B22-83C5-7016E73555ED}.Ad-Hoc|iPhoneSimulator.ActiveCfg = Debug|Any CPU
		{6F6ED8A0-9180-4B22-83C5-7016E73555ED}.Ad-Hoc|iPhoneSimulator.Build.0 = Debug|Any CPU
		{6F6ED8A0-9180-4B22-83C5-7016E73555ED}.Ad-Hoc|x64.ActiveCfg = Debug|Any CPU
		{6F6ED8A0-9180-4B22-83C5-7016E73555ED}.Ad-Hoc|x64.Build.0 = Debug|Any CPU
		{6F6ED8A0-9180-4B22-83C5-7016E73555ED}.Ad-Hoc|x86.ActiveCfg = Debug|Any CPU
		{6F6ED8A0-9180-4B22-83C5-7016E73555ED}.Ad-Hoc|x86.Build.0 = Debug|Any CPU
		{6F6ED8A0-9180-4B22-83C5-7016E73555ED}.AppStore|Any CPU.ActiveCfg = Debug|Any CPU
		{6F6ED8A0-9180-4B22-83C5-7016E73555ED}.AppStore|Any CPU.Build.0 = Debug|Any CPU
		{6F6ED8A0-9180-4B22-83C5-7016E73555ED}.AppStore|ARM.ActiveCfg = Debug|Any CPU
		{6F6ED8A0-9180-4B22-83C5-7016E73555ED}.AppStore|ARM.Build.0 = Debug|Any CPU
		{6F6ED8A0-9180-4B22-83C5-7016E73555ED}.AppStore|iPhone.ActiveCfg = Debug|Any CPU
		{6F6ED8A0-9180-4B22-83C5-7016E73555ED}.AppStore|iPhone.Build.0 = Debug|Any CPU
		{6F6ED8A0-9180-4B22-83C5-7016E73555ED}.AppStore|iPhoneSimulator.ActiveCfg = Debug|Any CPU
		{6F6ED8A0-9180-4B22-83C5-7016E73555ED}.AppStore|iPhoneSimulator.Build.0 = Debug|Any CPU
		{6F6ED8A0-9180-4B22-83C5-7016E73555ED}.AppStore|x64.ActiveCfg = Debug|Any CPU
		{6F6ED8A0-9180-4B22-83C5-7016E73555ED}.AppStore|x64.Build.0 = Debug|Any CPU
		{6F6ED8A0-9180-4B22-83C5-7016E73555ED}.AppStore|x86.ActiveCfg = Debug|Any CPU
		{6F6ED8A0-9180-4B22-83C5-7016E73555ED}.AppStore|x86.Build.0 = Debug|Any CPU
		{6F6ED8A0-9180-4B22-83C5-7016E73555ED}.Debug|Any CPU.ActiveCfg = Debug|Any CPU
		{6F6ED8A0-9180-4B22-83C5-7016E73555ED}.Debug|Any CPU.Build.0 = Debug|Any CPU
		{6F6ED8A0-9180-4B22-83C5-7016E73555ED}.Debug|ARM.ActiveCfg = Debug|Any CPU
		{6F6ED8A0-9180-4B22-83C5-7016E73555ED}.Debug|ARM.Build.0 = Debug|Any CPU
		{6F6ED8A0-9180-4B22-83C5-7016E73555ED}.Debug|iPhone.ActiveCfg = Debug|Any CPU
		{6F6ED8A0-9180-4B22-83C5-7016E73555ED}.Debug|iPhone.Build.0 = Debug|Any CPU
		{6F6ED8A0-9180-4B22-83C5-7016E73555ED}.Debug|iPhoneSimulator.ActiveCfg = Debug|Any CPU
		{6F6ED8A0-9180-4B22-83C5-7016E73555ED}.Debug|iPhoneSimulator.Build.0 = Debug|Any CPU
		{6F6ED8A0-9180-4B22-83C5-7016E73555ED}.Debug|x64.ActiveCfg = Debug|Any CPU
		{6F6ED8A0-9180-4B22-83C5-7016E73555ED}.Debug|x64.Build.0 = Debug|Any CPU
		{6F6ED8A0-9180-4B22-83C5-7016E73555ED}.Debug|x86.ActiveCfg = Debug|Any CPU
		{6F6ED8A0-9180-4B22-83C5-7016E73555ED}.Debug|x86.Build.0 = Debug|Any CPU
		{6F6ED8A0-9180-4B22-83C5-7016E73555ED}.Release|Any CPU.ActiveCfg = Release|Any CPU
		{6F6ED8A0-9180-4B22-83C5-7016E73555ED}.Release|Any CPU.Build.0 = Release|Any CPU
		{6F6ED8A0-9180-4B22-83C5-7016E73555ED}.Release|ARM.ActiveCfg = Release|Any CPU
		{6F6ED8A0-9180-4B22-83C5-7016E73555ED}.Release|ARM.Build.0 = Release|Any CPU
		{6F6ED8A0-9180-4B22-83C5-7016E73555ED}.Release|iPhone.ActiveCfg = Release|Any CPU
		{6F6ED8A0-9180-4B22-83C5-7016E73555ED}.Release|iPhone.Build.0 = Release|Any CPU
		{6F6ED8A0-9180-4B22-83C5-7016E73555ED}.Release|iPhoneSimulator.ActiveCfg = Release|Any CPU
		{6F6ED8A0-9180-4B22-83C5-7016E73555ED}.Release|iPhoneSimulator.Build.0 = Release|Any CPU
		{6F6ED8A0-9180-4B22-83C5-7016E73555ED}.Release|x64.ActiveCfg = Release|Any CPU
		{6F6ED8A0-9180-4B22-83C5-7016E73555ED}.Release|x64.Build.0 = Release|Any CPU
		{6F6ED8A0-9180-4B22-83C5-7016E73555ED}.Release|x86.ActiveCfg = Release|Any CPU
		{6F6ED8A0-9180-4B22-83C5-7016E73555ED}.Release|x86.Build.0 = Release|Any CPU
	EndGlobalSection
	GlobalSection(SolutionProperties) = preSolution
		HideSolutionNode = FALSE
	EndGlobalSection
	GlobalSection(ExtensibilityGlobals) = postSolution
		SolutionGuid = {2785FA28-767B-4008-8882-D61E3307B043}
	EndGlobalSection
EndGlobal
